{
  "nodes": {
    "flakelight": {
      "inputs": {
        "nixpkgs": [
          "nixpkgs"
        ]
      },
      "locked": {
        "lastModified": 1718022888,
        "narHash": "sha256-qMCpvuzeB+cXPXenqEY16wZuuodwlX6pXbilwecUtQM=",
        "ref": "refs/heads/master",
        "rev": "51c4c2912bd4079aa7479fdd497f3080ea6defed",
        "shallow": true,
        "submodules": true,
        "type": "git",
        "url": "https://github.com/nix-community/flakelight"
      },
      "original": {
        "shallow": true,
        "submodules": true,
        "type": "git",
        "url": "https://github.com/nix-community/flakelight"
      }
    },
    "flakelight-darwin": {
      "inputs": {
        "flakelight": [
          "flakelight"
        ],
        "nix-darwin": [
          "nix-darwin"
        ]
      },
      "locked": {
        "lastModified": 1718107491,
        "narHash": "sha256-ActJHqhrw8DcTVeSwAieUHAZpEs+RtLOJwX8H6alD/c=",
        "ref": "refs/heads/main",
        "rev": "d880bbfca806f30095570eb46367796b74ee5e3e",
        "shallow": true,
        "submodules": true,
        "type": "git",
        "url": "https://github.com/cmacrae/flakelight-darwin"
      },
      "original": {
        "shallow": true,
        "submodules": true,
        "type": "git",
        "url": "https://github.com/cmacrae/flakelight-darwin"
      }
    },
    "home-manager": {
      "inputs": {
        "nixpkgs": [
          "nixpkgs"
        ]
      },
      "locked": {
        "lastModified": 1718243258,
        "narHash": "sha256-abBpj2VU8p6qlRzTU8o22q68MmOaZ4v8zZ4UlYl5YRU=",
        "ref": "refs/heads/master",
        "rev": "8d5e27b4807d25308dfe369d5a923d87e7dbfda3",
        "shallow": true,
        "submodules": true,
        "type": "git",
        "url": "https://github.com/nix-community/home-manager"
      },
      "original": {
        "shallow": true,
        "submodules": true,
        "type": "git",
        "url": "https://github.com/nix-community/home-manager"
      }
    },
    "nix-darwin": {
      "inputs": {
        "nixpkgs": [
          "nixpkgs"
        ]
      },
      "locked": {
        "lastModified": 1718305085,
        "narHash": "sha256-Ft0v0tbnNeWqYuZT68z9nuyJO2N8V7Xf65MiZbeWv4A=",
        "ref": "refs/heads/master",
        "rev": "b2ee0b3c03b06bd70e4280c65ab8803c3456bb0f",
        "shallow": true,
        "submodules": true,
        "type": "git",
        "url": "https://github.com/LnL7/nix-darwin"
      },
      "original": {
        "shallow": true,
        "submodules": true,
        "type": "git",
        "url": "https://github.com/LnL7/nix-darwin"
      }
    },
    "nix-index-database": {
      "inputs": {
        "nixpkgs": [
          "nixpkgs"
        ]
      },
      "locked": {
        "lastModified": 1718011381,
        "narHash": "sha256-sFXI+ZANp/OC+MwfJoZgPSf4xMdtzQMe1pS3FGti4C8=",
        "ref": "refs/heads/main",
        "rev": "88ad3d7501e22b2401dd72734b032b7baa794434",
        "shallow": true,
        "submodules": true,
        "type": "git",
        "url": "https://github.com/nix-community/nix-index-database"
      },
      "original": {
        "shallow": true,
        "submodules": true,
        "type": "git",
        "url": "https://github.com/nix-community/nix-index-database"
      }
    },
    "nixpkgs": {
      "locked": {
        "lastModified": 1718160348,
        "narHash": "sha256-9YrUjdztqi4Gz8n3mBuqvCkMo4ojrA6nASwyIKWMpus=",
        "ref": "nixos-unstable",
        "rev": "57d6973abba7ea108bac64ae7629e7431e0199b6",
        "shallow": true,
        "submodules": true,
        "type": "git",
        "url": "https://mirrors.cernet.edu.cn/nixpkgs.git"
      },
      "original": {
        "ref": "nixos-unstable",
        "shallow": true,
        "submodules": true,
        "type": "git",
        "url": "https://mirrors.cernet.edu.cn/nixpkgs.git"
      }
    },
    "nixpkgs-lib": {
      "locked": {
        "dir": "lib",
        "lastModified": 1718160348,
        "narHash": "sha256-9YrUjdztqi4Gz8n3mBuqvCkMo4ojrA6nASwyIKWMpus=",
        "ref": "nixos-unstable",
        "rev": "57d6973abba7ea108bac64ae7629e7431e0199b6",
        "shallow": true,
        "submodules": true,
        "type": "git",
        "url": "https://mirrors.cernet.edu.cn/nixpkgs.git?dir=lib"
      },
      "original": {
        "dir": "lib",
        "ref": "nixos-unstable",
        "shallow": true,
        "submodules": true,
        "type": "git",
        "url": "https://mirrors.cernet.edu.cn/nixpkgs.git?dir=lib"
      }
    },
    "root": {
      "inputs": {
        "flakelight": "flakelight",
        "flakelight-darwin": "flakelight-darwin",
        "home-manager": "home-manager",
        "nix-darwin": "nix-darwin",
        "nix-index-database": "nix-index-database",
        "nixpkgs": "nixpkgs",
        "nixpkgs-lib": "nixpkgs-lib"
      }
    }
  },
  "root": "root",
  "version": 7
}
