{
  "nodes": {
    "flakelight": {
      "inputs": {
        "nixpkgs": [
          "nixpkgs"
        ]
      },
      "locked": {
        "lastModified": 1714998740,
        "narHash": "sha256-xPlzn9tO1QAGiPEIBRK1M/HvTjg1iGfBqi9FLwaBXdQ=",
        "ref": "refs/heads/master",
        "rev": "f132fc1409ba319458ebd93a1511b7b5bb750a5b",
        "shallow": true,
        "submodules": true,
        "type": "git",
        "url": "https://github.com/nix-community/flakelight"
      },
      "original": {
        "shallow": true,
        "submodules": true,
        "type": "git",
        "url": "https://github.com/nix-community/flakelight"
      }
    },
    "home-manager": {
      "inputs": {
        "nixpkgs": [
          "nixpkgs"
        ]
      },
      "locked": {
        "lastModified": 1715077503,
        "narHash": "sha256-AfHQshzLQfUqk/efMtdebHaQHqVntCMjhymQzVFLes0=",
        "ref": "refs/heads/master",
        "rev": "6e277d9566de9976f47228dd8c580b97488734d4",
        "shallow": true,
        "submodules": true,
        "type": "git",
        "url": "https://github.com/nix-community/home-manager"
      },
      "original": {
        "shallow": true,
        "submodules": true,
        "type": "git",
        "url": "https://github.com/nix-community/home-manager"
      }
    },
    "nixpkgs": {
      "locked": {
        "lastModified": 1715087517,
        "narHash": "sha256-CLU5Tsg24Ke4+7sH8azHWXKd0CFd4mhLWfhYgUiDBpQ=",
        "ref": "nixos-unstable",
        "rev": "b211b392b8486ee79df6cdfb1157ad2133427a29",
        "shallow": true,
        "submodules": true,
        "type": "git",
        "url": "https://mirrors.cernet.edu.cn/nixpkgs.git"
      },
      "original": {
        "ref": "nixos-unstable",
        "shallow": true,
        "submodules": true,
        "type": "git",
        "url": "https://mirrors.cernet.edu.cn/nixpkgs.git"
      }
    },
    "nixpkgs-lib": {
      "locked": {
        "dir": "lib",
        "lastModified": 1715087517,
        "narHash": "sha256-CLU5Tsg24Ke4+7sH8azHWXKd0CFd4mhLWfhYgUiDBpQ=",
        "ref": "nixos-unstable",
        "rev": "b211b392b8486ee79df6cdfb1157ad2133427a29",
        "shallow": true,
        "submodules": true,
        "type": "git",
        "url": "https://mirrors.cernet.edu.cn/nixpkgs.git?dir=lib"
      },
      "original": {
        "dir": "lib",
        "ref": "nixos-unstable",
        "shallow": true,
        "submodules": true,
        "type": "git",
        "url": "https://mirrors.cernet.edu.cn/nixpkgs.git?dir=lib"
      }
    },
    "root": {
      "inputs": {
        "flakelight": "flakelight",
        "home-manager": "home-manager",
        "nixpkgs": "nixpkgs",
        "nixpkgs-lib": "nixpkgs-lib"
      }
    }
  },
  "root": "root",
  "version": 7
}
